%{
  "bandit": {:git, "https://github.com/mtrudel/bandit.git", "3b8b1a40fbafcd8c380909b0e651d8f0d6504b14", [tag: "1.6.11"]},
  "castore": {:git, "https://github.com/elixir-mint/castore.git", "ead2dbdd13a7ded56a9f653d36091f785fe78684", [tag: "v1.0.10"]},
  "esbuild": {:git, "https://github.com/phoenixframework/esbuild.git", "7153c6e64a03edd3dfae2515ae893727491f0267", [tag: "v0.8.2"]},
  "ex_webrtc": {:git, "https://github.com/elixir-webrtc/ex_webrtc.git", "b874bb917590f081d74eae94add8a84101e7b0f7", [tag: "v0.16.0"]},
  "file_system": {:git, "https://github.com/falood/file_system.git", "9f3d3780c2e1fe207e837a78be54650cb6af404e", [tag: "v1.0.1"]},
  "finch": {:git, "https://github.com/sneako/finch.git", "94d9f9f4c3ff5ec85f226fb0ecea677956d17f50", [tag: "v0.19.0"]},
  "hpax": {:git, "https://github.com/elixir-mint/hpax.git", "46fece83ea6f7c5c5efa4d6a892a5e28f932b1d0", [tag: "v1.0.0"]},
  "jason": {:git, "https://github.com/michalmuskala/jason.git", "926d2ac6cc0271b9a7079b2ec16ae0cf802f7963", [tag: "v1.4.4"]},
  "mime": {:git, "https://github.com/elixir-plug/mime.git", "30db90a63ca14732f9c6b9d733c89cd161451b15", [tag: "v2.0.6"]},
  "mint": {:git, "https://github.com/elixir-mint/mint.git", "5d0c6e9aba84618a7fd374cfa49ad392d2125061", [tag: "v1.6.2"]},
  "nimble_options": {:git, "https://github.com/dashbitco/nimble_options.git", "cc80e7e6fdb9bbbe6a4614b2e2e81ca4012fc264", [tag: "v1.1.1"]},
  "nimble_pool": {:git, "https://github.com/dashbitco/nimble_pool.git", "9829f2753851694dd1b34682e0abede895966ca5", [tag: "v1.1.0"]},
  "phoenix": {:git, "https://github.com/phoenixframework/phoenix.git", "e99f657f1cc9062fca0f2b8b79bc90659d8bd514", [tag: "v1.7.14"]},
  "phoenix_html": {:git, "https://github.com/phoenixframework/phoenix_html.git", "2b222dbf104b3ac952053de441b61f56f89f4bf8", [tag: "v4.1.1"]},
  "phoenix_live_reload": {:git, "https://github.com/phoenixframework/phoenix_live_reload.git", "a851d314957f8056ad7fbaa1127121214d2a4e0a", [tag: "v1.5.3"]},
  "phoenix_live_view": {:git, "https://github.com/phoenixframework/phoenix_live_view.git", "f778e5bb1a4b0a29f8d688bbc6c0b7182dea51ca", [tag: "v0.20.17"]},
  "phoenix_pubsub": {:git, "https://github.com/phoenixframework/phoenix_pubsub.git", "43ab10bfcec56f82e915c246c2dd9dba438fe8da", [tag: "v2.1.3"]},
  "phoenix_template": {:git, "https://github.com/phoenixframework/phoenix_template.git", "90a8c78f35f31cd1a0f04c534bf49aa9a3265252", [tag: "v1.0.4"]},
  "plug": {:git, "https://github.com/elixir-plug/plug.git", "cc535b13c5569f199dbde5ca5c030eb8a6d61e8b", [tag: "v1.16.1"]},
  "plug_crypto": {:git, "https://github.com/elixir-plug/plug_crypto.git", "8217d4da89ce288b69533970dc4f48606a9a6fcd", [tag: "v2.1.0"]},
  "req": {:git, "https://github.com/wojtekmach/req.git", "fbfaea44f2ec748a7abfc6af88cf0b5fb3376d91", [tag: "v0.5.8"]},
  "telemetry": {:git, "https://github.com/beam-telemetry/telemetry.git", "8d8af76720856bcf26641ee1307658ad8f25e466", [tag: "v1.3.0"]},
  "telemetry_metrics": {:git, "https://github.com/beam-telemetry/telemetry_metrics.git", "182dbd7f16bb7a37585e21a276db6fdea12419f5", [tag: "v1.0.0"]},
  "thousand_island": {:git, "https://github.com/mtrudel/thousand_island.git", "de24e095d0b98161b22b6e8f37a080f7426527b5", [tag: "1.3.6"]},
  "websock": {:git, "https://github.com/phoenixframework/websock.git", "095d3ae68f6288c6b7b7fef1a844f843898684a5", [tag: "0.5.3"]},
  "websock_adapter": {:git, "https://github.com/phoenixframework/websock_adapter.git", "c4c6ea66a1d65436be869abc6224b90317e4950a", [tag: "0.5.7"]},
  "websockex": {:git, "https://github.com/Azolo/websockex.git", "85109f1b667976efc96b5d011660bcd542bb405d", [tag: "v0.4.3"]},
}
